// !$*UTF8*$!
{
	archiveVersion = 1;
	classes = {
	};
	objectVersion = 46;
	objects = {

/* Begin PBXBuildFile section */
		A4C3E0FF15ED324E00DCC132 /* UIKit.framework in Frameworks */ = {isa = PBXBuildFile; fileRef = A4C3E0FE15ED324E00DCC132 /* UIKit.framework */; };
		A4C3E10115ED324E00DCC132 /* Foundation.framework in Frameworks */ = {isa = PBXBuildFile; fileRef = A4C3E10015ED324E00DCC132 /* Foundation.framework */; };
		A4C3E10315ED324E00DCC132 /* CoreGraphics.framework in Frameworks */ = {isa = PBXBuildFile; fileRef = A4C3E10215ED324E00DCC132 /* CoreGraphics.framework */; };
		A4C3E10915ED324E00DCC132 /* InfoPlist.strings in Resources */ = {isa = PBXBuildFile; fileRef = A4C3E10715ED324E00DCC132 /* InfoPlist.strings */; };
		A4C3E10B15ED324E00DCC132 /* main.m in Sources */ = {isa = PBXBuildFile; fileRef = A4C3E10A15ED324E00DCC132 /* main.m */; };
		A4C3E10F15ED324E00DCC132 /* AppDelegate.m in Sources */ = {isa = PBXBuildFile; fileRef = A4C3E10E15ED324E00DCC132 /* AppDelegate.m */; };
		A4C3E11215ED324E00DCC132 /* ViewController.m in Sources */ = {isa = PBXBuildFile; fileRef = A4C3E11115ED324E00DCC132 /* ViewController.m */; };
		A4C3E11515ED324E00DCC132 /* ViewController.xib in Resources */ = {isa = PBXBuildFile; fileRef = A4C3E11315ED324E00DCC132 /* ViewController.xib */; };
/* End PBXBuildFile section */

/* Begin PBXFileReference section */
		A4C3E0FA15ED324E00DCC132 /* Week1_TableView_Example.app */ = {isa = PBXFileReference; explicitFileType = wrapper.application; includeInIndex = 0; path = Week1_TableView_Example.app; sourceTree = BUILT_PRODUCTS_DIR; };
		A4C3E0FE15ED324E00DCC132 /* UIKit.framework */ = {isa = PBXFileReference; lastKnownFileType = wrapper.framework; name = UIKit.framework; path = System/Library/Frameworks/UIKit.framework; sourceTree = SDKROOT; };
		A4C3E10015ED324E00DCC132 /* Foundation.framework */ = {isa = PBXFileReference; lastKnownFileType = wrapper.framework; name = Foundation.framework; path = System/Library/Frameworks/Foundation.framework; sourceTree = SDKROOT; };
		A4C3E10215ED324E00DCC132 /* CoreGraphics.framework */ = {isa = PBXFileReference; lastKnownFileType = wrapper.framework; name = CoreGraphics.framework; path = System/Library/Frameworks/CoreGraphics.framework; sourceTree = SDKROOT; };
		A4C3E10615ED324E00DCC132 /* Week1_TableView_Example-Info.plist */ = {isa = PBXFileReference; lastKnownFileType = text.plist.xml; path = "Week1_TableView_Example-Info.plist"; sourceTree = "<group>"; };
		A4C3E10815ED324E00DCC132 /* en */ = {isa = PBXFileReference; lastKnownFileType = text.plist.strings; name = en; path = en.lproj/InfoPlist.strings; sourceTree = "<group>"; };
		A4C3E10A15ED324E00DCC132 /* main.m */ = {isa = PBXFileReference; lastKnownFileType = sourcecode.c.objc; path = main.m; sourceTree = "<group>"; };
		A4C3E10C15ED324E00DCC132 /* Week1_TableView_Example-Prefix.pch */ = {isa = PBXFileReference; lastKnownFileType = sourcecode.c.h; path = "Week1_TableView_Example-Prefix.pch"; sourceTree = "<group>"; };
		A4C3E10D15ED324E00DCC132 /* AppDelegate.h */ = {isa = PBXFileReference; lastKnownFileType = sourcecode.c.h; path = AppDelegate.h; sourceTree = "<group>"; };
		A4C3E10E15ED324E00DCC132 /* AppDelegate.m */ = {isa = PBXFileReference; lastKnownFileType = sourcecode.c.objc; path = AppDelegate.m; sourceTree = "<group>"; };
		A4C3E11015ED324E00DCC132 /* ViewController.h */ = {isa = PBXFileReference; lastKnownFileType = sourcecode.c.h; path = ViewController.h; sourceTree = "<group>"; };
		A4C3E11115ED324E00DCC132 /* ViewController.m */ = {isa = PBXFileReference; lastKnownFileType = sourcecode.c.objc; path = ViewController.m; sourceTree = "<group>"; };
		A4C3E11415ED324E00DCC132 /* en */ = {isa = PBXFileReference; lastKnownFileType = file.xib; name = en; path = en.lproj/ViewController.xib; sourceTree = "<group>"; };
/* End PBXFileReference section */

/* Begin PBXFrameworksBuildPhase section */
		A4C3E0F715ED324E00DCC132 /* Frameworks */ = {
			isa = PBXFrameworksBuildPhase;
			buildActionMask = 2147483647;
			files = (
				A4C3E0FF15ED324E00DCC132 /* UIKit.framework in Frameworks */,
				A4C3E10115ED324E00DCC132 /* Foundation.framework in Frameworks */,
				A4C3E10315ED324E00DCC132 /* CoreGraphics.framework in Frameworks */,
			);
			runOnlyForDeploymentPostprocessing = 0;
		};
/* End PBXFrameworksBuildPhase section */

/* Begin PBXGroup section */
		A4C3E0EF15ED324E00DCC132 = {
			isa = PBXGroup;
			children = (
				A4C3E10415ED324E00DCC132 /* Week1_TableView_Example */,
				A4C3E0FD15ED324E00DCC132 /* Frameworks */,
				A4C3E0FB15ED324E00DCC132 /* Products */,
			);
			sourceTree = "<group>";
		};
		A4C3E0FB15ED324E00DCC132 /* Products */ = {
			isa = PBXGroup;
			children = (
				A4C3E0FA15ED324E00DCC132 /* Week1_TableView_Example.app */,
			);
			name = Products;
			sourceTree = "<group>";
		};
		A4C3E0FD15ED324E00DCC132 /* Frameworks */ = {
			isa = PBXGroup;
			children = (
				A4C3E0FE15ED324E00DCC132 /* UIKit.framework */,
				A4C3E10015ED324E00DCC132 /* Foundation.framework */,
				A4C3E10215ED324E00DCC132 /* CoreGraphics.framework */,
			);
			name = Frameworks;
			sourceTree = "<group>";
		};
		A4C3E10415ED324E00DCC132 /* Week1_TableView_Example */ = {
			isa = PBXGroup;
			children = (
				A4C3E10D15ED324E00DCC132 /* AppDelegate.h */,
				A4C3E10E15ED324E00DCC132 /* AppDelegate.m */,
				A4C3E11015ED324E00DCC132 /* ViewController.h */,
				A4C3E11115ED324E00DCC132 /* ViewController.m */,
				A4C3E11315ED324E00DCC132 /* ViewController.xib */,
				A4C3E10515ED324E00DCC132 /* Supporting Files */,
			);
			path = Week1_TableView_Example;
			sourceTree = "<group>";
		};
		A4C3E10515ED324E00DCC132 /* Supporting Files */ = {
			isa = PBXGroup;
			children = (
				A4C3E10615ED324E00DCC132 /* Week1_TableView_Example-Info.plist */,
				A4C3E10715ED324E00DCC132 /* InfoPlist.strings */,
				A4C3E10A15ED324E00DCC132 /* main.m */,
				A4C3E10C15ED324E00DCC132 /* Week1_TableView_Example-Prefix.pch */,
			);
			name = "Supporting Files";
			sourceTree = "<group>";
		};
/* End PBXGroup section */

/* Begin PBXNativeTarget section */
		A4C3E0F915ED324E00DCC132 /* Week1_TableView_Example */ = {
			isa = PBXNativeTarget;
			buildConfigurationList = A4C3E11815ED324E00DCC132 /* Build configuration list for PBXNativeTarget "Week1_TableView_Example" */;
			buildPhases = (
				A4C3E0F615ED324E00DCC132 /* Sources */,
				A4C3E0F715ED324E00DCC132 /* Frameworks */,
				A4C3E0F815ED324E00DCC132 /* Resources */,
			);
			buildRules = (
			);
			dependencies = (
			);
			name = Week1_TableView_Example;
			productName = Week1_TableView_Example;
			productReference = A4C3E0FA15ED324E00DCC132 /* Week1_TableView_Example.app */;
			productType = "com.apple.product-type.application";
		};
/* End PBXNativeTarget section */

/* Begin PBXProject section */
		A4C3E0F115ED324E00DCC132 /* Project object */ = {
			isa = PBXProject;
			attributes = {
				LastUpgradeCheck = 0440;
				ORGANIZATIONNAME = "Nicholas Weil";
			};
			buildConfigurationList = A4C3E0F415ED324E00DCC132 /* Build configuration list for PBXProject "Week1_TableView_Example" */;
			compatibilityVersion = "Xcode 3.2";
			developmentRegion = English;
			hasScannedForEncodings = 0;
			knownRegions = (
				en,
			);
			mainGroup = A4C3E0EF15ED324E00DCC132;
			productRefGroup = A4C3E0FB15ED324E00DCC132 /* Products */;
			projectDirPath = "";
			projectRoot = "";
			targets = (
				A4C3E0F915ED324E00DCC132 /* Week1_TableView_Example */,
			);
		};
/* End PBXProject section */

/* Begin PBXResourcesBuildPhase section */
		A4C3E0F815ED324E00DCC132 /* Resources */ = {
			isa = PBXResourcesBuildPhase;
			buildActionMask = 2147483647;
			files = (
				A4C3E10915ED324E00DCC132 /* InfoPlist.strings in Resources */,
				A4C3E11515ED324E00DCC132 /* ViewController.xib in Resources */,
			);
			runOnlyForDeploymentPostprocessing = 0;
		};
/* End PBXResourcesBuildPhase section */

/* Begin PBXSourcesBuildPhase section */
		A4C3E0F615ED324E00DCC132 /* Sources */ = {
			isa = PBXSourcesBuildPhase;
			buildActionMask = 2147483647;
			files = (
				A4C3E10B15ED324E00DCC132 /* main.m in Sources */,
				A4C3E10F15ED324E00DCC132 /* AppDelegate.m in Sources */,
				A4C3E11215ED324E00DCC132 /* ViewController.m in Sources */,
			);
			runOnlyForDeploymentPostprocessing = 0;
		};
/* End PBXSourcesBuildPhase section */

/* Begin PBXVariantGroup section */
		A4C3E10715ED324E00DCC132 /* InfoPlist.strings */ = {
			isa = PBXVariantGroup;
			children = (
				A4C3E10815ED324E00DCC132 /* en */,
			);
			name = InfoPlist.strings;
			sourceTree = "<group>";
		};
		A4C3E11315ED324E00DCC132 /* ViewController.xib */ = {
			isa = PBXVariantGroup;
			children = (
				A4C3E11415ED324E00DCC132 /* en */,
			);
			name = ViewController.xib;
			sourceTree = "<group>";
		};
/* End PBXVariantGroup section */

/* Begin XCBuildConfiguration section */
		A4C3E11615ED324E00DCC132 /* Debug */ = {
			isa = XCBuildConfiguration;
			buildSettings = {
				ALWAYS_SEARCH_USER_PATHS = NO;
				ARCHS = "$(ARCHS_STANDARD_32_BIT)";
				CLANG_CXX_LANGUAGE_STANDARD = "gnu++0x";
				CLANG_ENABLE_OBJC_ARC = YES;
				CLANG_WARN__DUPLICATE_METHOD_MATCH = YES;
				"CODE_SIGN_IDENTITY[sdk=iphoneos*]" = "iPhone Developer";
				COPY_PHASE_STRIP = NO;
				GCC_C_LANGUAGE_STANDARD = gnu99;
				GCC_DYNAMIC_NO_PIC = NO;
				GCC_OPTIMIZATION_LEVEL = 0;
				GCC_PREPROCESSOR_DEFINITIONS = (
					"DEBUG=1",
					"$(inherited)",
				);
				GCC_SYMBOLS_PRIVATE_EXTERN = NO;
				GCC_VERSION = com.apple.compilers.llvm.clang.1_0;
				GCC_WARN_ABOUT_RETURN_TYPE = YES;
				GCC_WARN_UNINITIALIZED_AUTOS = YES;
				GCC_WARN_UNUSED_VARIABLE = YES;
				IPHONEOS_DEPLOYMENT_TARGET = 5.1;
				SDKROOT = iphoneos;
			};
			name = Debug;
		};
		A4C3E11715ED324E00DCC132 /* Release */ = {
			isa = XCBuildConfiguration;
			buildSettings = {
				ALWAYS_SEARCH_USER_PATHS = NO;
				ARCHS = "$(ARCHS_STANDARD_32_BIT)";
				CLANG_CXX_LANGUAGE_STANDARD = "gnu++0x";
				CLANG_ENABLE_OBJC_ARC = YES;
				CLANG_WARN__DUPLICATE_METHOD_MATCH = YES;
				"CODE_SIGN_IDENTITY[sdk=iphoneos*]" = "iPhone Developer";
				COPY_PHASE_STRIP = YES;
				GCC_C_LANGUAGE_STANDARD = gnu99;
				GCC_VERSION = com.apple.compilers.llvm.clang.1_0;
				GCC_WARN_ABOUT_RETURN_TYPE = YES;
				GCC_WARN_UNINITIALIZED_AUTOS = YES;
				GCC_WARN_UNUSED_VARIABLE = YES;
				IPHONEOS_DEPLOYMENT_TARGET = 5.1;
				OTHER_CFLAGS = "-DNS_BLOCK_ASSERTIONS=1";
				SDKROOT = iphoneos;
				VALIDATE_PRODUCT = YES;
			};
			name = Release;
		};
		A4C3E11915ED324E00DCC132 /* Debug */ = {
			isa = XCBuildConfiguration;
			buildSettings = {
				GCC_PRECOMPILE_PREFIX_HEADER = YES;
				GCC_PREFIX_HEADER = "Week1_TableView_Example/Week1_TableView_Example-Prefix.pch";
				INFOPLIST_FILE = "Week1_TableView_Example/Week1_TableView_Example-Info.plist";
				PRODUCT_NAME = "$(TARGET_NAME)";
				WRAPPER_EXTENSION = app;
			};
			name = Debug;
		};
		A4C3E11A15ED324E00DCC132 /* Release */ = {
			isa = XCBuildConfiguration;
			buildSettings = {
				GCC_PRECOMPILE_PREFIX_HEADER = YES;
				GCC_PREFIX_HEADER = "Week1_TableView_Example/Week1_TableView_Example-Prefix.pch";
				INFOPLIST_FILE = "Week1_TableView_Example/Week1_TableView_Example-Info.plist";
				PRODUCT_NAME = "$(TARGET_NAME)";
				WRAPPER_EXTENSION = app;
			};
			name = Release;
		};
/* End XCBuildConfiguration section */

/* Begin XCConfigurationList section */
		A4C3E0F415ED324E00DCC132 /* Build configuration list for PBXProject "Week1_TableView_Example" */ = {
			isa = XCConfigurationList;
			buildConfigurations = (
				A4C3E11615ED324E00DCC132 /* Debug */,
				A4C3E11715ED324E00DCC132 /* Release */,
			);
			defaultConfigurationIsVisible = 0;
			defaultConfigurationName = Release;
		};
		A4C3E11815ED324E00DCC132 /* Build configuration list for PBXNativeTarget "Week1_TableView_Example" */ = {
			isa = XCConfigurationList;
			buildConfigurations = (
				A4C3E11915ED324E00DCC132 /* Debug */,
				A4C3E11A15ED324E00DCC132 /* Release */,
			);
			defaultConfigurationIsVisible = 0;
		};
/* End XCConfigurationList section */
	};
	rootObject = A4C3E0F115ED324E00DCC132 /* Project object */;
}
