// !$*UTF8*$!
{
	archiveVersion = 1;
	classes = {
	};
	objectVersion = 46;
	objects = {

/* Begin PBXBuildFile section */
		A4FE089D1577DA0A0046212B /* UIKit.framework in Frameworks */ = {isa = PBXBuildFile; fileRef = A4FE089C1577DA0A0046212B /* UIKit.framework */; };
		A4FE089F1577DA0A0046212B /* Foundation.framework in Frameworks */ = {isa = PBXBuildFile; fileRef = A4FE089E1577DA0A0046212B /* Foundation.framework */; };
		A4FE08A11577DA0A0046212B /* CoreGraphics.framework in Frameworks */ = {isa = PBXBuildFile; fileRef = A4FE08A01577DA0A0046212B /* CoreGraphics.framework */; };
		A4FE08A71577DA0A0046212B /* InfoPlist.strings in Resources */ = {isa = PBXBuildFile; fileRef = A4FE08A51577DA0A0046212B /* InfoPlist.strings */; };
		A4FE08A91577DA0A0046212B /* main.m in Sources */ = {isa = PBXBuildFile; fileRef = A4FE08A81577DA0A0046212B /* main.m */; };
		A4FE08AD1577DA0A0046212B /* AppDelegate.m in Sources */ = {isa = PBXBuildFile; fileRef = A4FE08AC1577DA0A0046212B /* AppDelegate.m */; };
		A4FE08B51577DA0A0046212B /* SenTestingKit.framework in Frameworks */ = {isa = PBXBuildFile; fileRef = A4FE08B41577DA0A0046212B /* SenTestingKit.framework */; };
		A4FE08B61577DA0A0046212B /* UIKit.framework in Frameworks */ = {isa = PBXBuildFile; fileRef = A4FE089C1577DA0A0046212B /* UIKit.framework */; };
		A4FE08B71577DA0A0046212B /* Foundation.framework in Frameworks */ = {isa = PBXBuildFile; fileRef = A4FE089E1577DA0A0046212B /* Foundation.framework */; };
		A4FE08BF1577DA0A0046212B /* InfoPlist.strings in Resources */ = {isa = PBXBuildFile; fileRef = A4FE08BD1577DA0A0046212B /* InfoPlist.strings */; };
		A4FE08C21577DA0A0046212B /* OBJ_C_Week1Tests.m in Sources */ = {isa = PBXBuildFile; fileRef = A4FE08C11577DA0A0046212B /* OBJ_C_Week1Tests.m */; };
/* End PBXBuildFile section */

/* Begin PBXContainerItemProxy section */
		A4FE08B81577DA0A0046212B /* PBXContainerItemProxy */ = {
			isa = PBXContainerItemProxy;
			containerPortal = A4FE088F1577DA0A0046212B /* Project object */;
			proxyType = 1;
			remoteGlobalIDString = A4FE08971577DA0A0046212B;
			remoteInfo = "OBJ C Week1";
		};
/* End PBXContainerItemProxy section */

/* Begin PBXFileReference section */
		A4FE08981577DA0A0046212B /* OBJ C Week1.app */ = {isa = PBXFileReference; explicitFileType = wrapper.application; includeInIndex = 0; path = "OBJ C Week1.app"; sourceTree = BUILT_PRODUCTS_DIR; };
		A4FE089C1577DA0A0046212B /* UIKit.framework */ = {isa = PBXFileReference; lastKnownFileType = wrapper.framework; name = UIKit.framework; path = System/Library/Frameworks/UIKit.framework; sourceTree = SDKROOT; };
		A4FE089E1577DA0A0046212B /* Foundation.framework */ = {isa = PBXFileReference; lastKnownFileType = wrapper.framework; name = Foundation.framework; path = System/Library/Frameworks/Foundation.framework; sourceTree = SDKROOT; };
		A4FE08A01577DA0A0046212B /* CoreGraphics.framework */ = {isa = PBXFileReference; lastKnownFileType = wrapper.framework; name = CoreGraphics.framework; path = System/Library/Frameworks/CoreGraphics.framework; sourceTree = SDKROOT; };
		A4FE08A41577DA0A0046212B /* OBJ C Week1-Info.plist */ = {isa = PBXFileReference; path = "OBJ C Week1-Info.plist"; sourceTree = "<group>"; };
		A4FE08A61577DA0A0046212B /* en */ = {isa = PBXFileReference; lastKnownFileType = text.plist.strings; name = en; path = en.lproj/InfoPlist.strings; sourceTree = "<group>"; };
		A4FE08A81577DA0A0046212B /* main.m */ = {isa = PBXFileReference; lastKnownFileType = sourcecode.c.objc; path = main.m; sourceTree = "<group>"; };
		A4FE08AA1577DA0A0046212B /* OBJ C Week1-Prefix.pch */ = {isa = PBXFileReference; path = "OBJ C Week1-Prefix.pch"; sourceTree = "<group>"; };
		A4FE08AB1577DA0A0046212B /* AppDelegate.h */ = {isa = PBXFileReference; path = AppDelegate.h; sourceTree = "<group>"; };
		A4FE08AC1577DA0A0046212B /* AppDelegate.m */ = {isa = PBXFileReference; lastKnownFileType = sourcecode.c.objc; path = AppDelegate.m; sourceTree = "<group>"; };
		A4FE08B31577DA0A0046212B /* OBJ C Week1Tests.octest */ = {isa = PBXFileReference; explicitFileType = wrapper.cfbundle; includeInIndex = 0; path = "OBJ C Week1Tests.octest"; sourceTree = BUILT_PRODUCTS_DIR; };
		A4FE08B41577DA0A0046212B /* SenTestingKit.framework */ = {isa = PBXFileReference; lastKnownFileType = wrapper.framework; name = SenTestingKit.framework; path = Library/Frameworks/SenTestingKit.framework; sourceTree = DEVELOPER_DIR; };
		A4FE08BC1577DA0A0046212B /* OBJ C Week1Tests-Info.plist */ = {isa = PBXFileReference; path = "OBJ C Week1Tests-Info.plist"; sourceTree = "<group>"; };
		A4FE08BE1577DA0A0046212B /* en */ = {isa = PBXFileReference; lastKnownFileType = text.plist.strings; name = en; path = en.lproj/InfoPlist.strings; sourceTree = "<group>"; };
		A4FE08C01577DA0A0046212B /* OBJ_C_Week1Tests.h */ = {isa = PBXFileReference; path = OBJ_C_Week1Tests.h; sourceTree = "<group>"; };
		A4FE08C11577DA0A0046212B /* OBJ_C_Week1Tests.m */ = {isa = PBXFileReference; lastKnownFileType = sourcecode.c.objc; path = OBJ_C_Week1Tests.m; sourceTree = "<group>"; };
/* End PBXFileReference section */

/* Begin PBXFrameworksBuildPhase section */
		A4FE08951577DA0A0046212B /* Frameworks */ = {
			isa = PBXFrameworksBuildPhase;
			buildActionMask = 2147483647;
			files = (
				A4FE089D1577DA0A0046212B /* UIKit.framework in Frameworks */,
				A4FE089F1577DA0A0046212B /* Foundation.framework in Frameworks */,
				A4FE08A11577DA0A0046212B /* CoreGraphics.framework in Frameworks */,
			);
			runOnlyForDeploymentPostprocessing = 0;
		};
		A4FE08AF1577DA0A0046212B /* Frameworks */ = {
			isa = PBXFrameworksBuildPhase;
			buildActionMask = 2147483647;
			files = (
				A4FE08B51577DA0A0046212B /* SenTestingKit.framework in Frameworks */,
				A4FE08B61577DA0A0046212B /* UIKit.framework in Frameworks */,
				A4FE08B71577DA0A0046212B /* Foundation.framework in Frameworks */,
			);
			runOnlyForDeploymentPostprocessing = 0;
		};
/* End PBXFrameworksBuildPhase section */

/* Begin PBXGroup section */
		A4FE088D1577DA0A0046212B = {
			isa = PBXGroup;
			children = (
				A4FE08A21577DA0A0046212B /* OBJ C Week1 */,
				A4FE08BA1577DA0A0046212B /* OBJ C Week1Tests */,
				A4FE089B1577DA0A0046212B /* Frameworks */,
				A4FE08991577DA0A0046212B /* Products */,
			);
			sourceTree = "<group>";
		};
		A4FE08991577DA0A0046212B /* Products */ = {
			isa = PBXGroup;
			children = (
				A4FE08981577DA0A0046212B /* OBJ C Week1.app */,
				A4FE08B31577DA0A0046212B /* OBJ C Week1Tests.octest */,
			);
			name = Products;
			sourceTree = "<group>";
		};
		A4FE089B1577DA0A0046212B /* Frameworks */ = {
			isa = PBXGroup;
			children = (
				A4FE089C1577DA0A0046212B /* UIKit.framework */,
				A4FE089E1577DA0A0046212B /* Foundation.framework */,
				A4FE08A01577DA0A0046212B /* CoreGraphics.framework */,
				A4FE08B41577DA0A0046212B /* SenTestingKit.framework */,
			);
			name = Frameworks;
			sourceTree = "<group>";
		};
		A4FE08A21577DA0A0046212B /* OBJ C Week1 */ = {
			isa = PBXGroup;
			children = (
				A4FE08AB1577DA0A0046212B /* AppDelegate.h */,
				A4FE08AC1577DA0A0046212B /* AppDelegate.m */,
				A4FE08A31577DA0A0046212B /* Supporting Files */,
			);
			path = "OBJ C Week1";
			sourceTree = "<group>";
		};
		A4FE08A31577DA0A0046212B /* Supporting Files */ = {
			isa = PBXGroup;
			children = (
				A4FE08A41577DA0A0046212B /* OBJ C Week1-Info.plist */,
				A4FE08A51577DA0A0046212B /* InfoPlist.strings */,
				A4FE08A81577DA0A0046212B /* main.m */,
				A4FE08AA1577DA0A0046212B /* OBJ C Week1-Prefix.pch */,
			);
			name = "Supporting Files";
			sourceTree = "<group>";
		};
		A4FE08BA1577DA0A0046212B /* OBJ C Week1Tests */ = {
			isa = PBXGroup;
			children = (
				A4FE08C01577DA0A0046212B /* OBJ_C_Week1Tests.h */,
				A4FE08C11577DA0A0046212B /* OBJ_C_Week1Tests.m */,
				A4FE08BB1577DA0A0046212B /* Supporting Files */,
			);
			path = "OBJ C Week1Tests";
			sourceTree = "<group>";
		};
		A4FE08BB1577DA0A0046212B /* Supporting Files */ = {
			isa = PBXGroup;
			children = (
				A4FE08BC1577DA0A0046212B /* OBJ C Week1Tests-Info.plist */,
				A4FE08BD1577DA0A0046212B /* InfoPlist.strings */,
			);
			name = "Supporting Files";
			sourceTree = "<group>";
		};
/* End PBXGroup section */

/* Begin PBXNativeTarget section */
		A4FE08971577DA0A0046212B /* OBJ C Week1 */ = {
			isa = PBXNativeTarget;
			buildConfigurationList = A4FE08C51577DA0A0046212B /* Build configuration list for PBXNativeTarget "OBJ C Week1" */;
			buildPhases = (
				A4FE08941577DA0A0046212B /* Sources */,
				A4FE08951577DA0A0046212B /* Frameworks */,
				A4FE08961577DA0A0046212B /* Resources */,
			);
			buildRules = (
			);
			dependencies = (
			);
			name = "OBJ C Week1";
			productName = "OBJ C Week1";
			productReference = A4FE08981577DA0A0046212B /* OBJ C Week1.app */;
			productType = "com.apple.product-type.application";
		};
		A4FE08B21577DA0A0046212B /* OBJ C Week1Tests */ = {
			isa = PBXNativeTarget;
			buildConfigurationList = A4FE08C81577DA0A0046212B /* Build configuration list for PBXNativeTarget "OBJ C Week1Tests" */;
			buildPhases = (
				A4FE08AE1577DA0A0046212B /* Sources */,
				A4FE08AF1577DA0A0046212B /* Frameworks */,
				A4FE08B01577DA0A0046212B /* Resources */,
				A4FE08B11577DA0A0046212B /* ShellScript */,
			);
			buildRules = (
			);
			dependencies = (
				A4FE08B91577DA0A0046212B /* PBXTargetDependency */,
			);
			name = "OBJ C Week1Tests";
			productName = "OBJ C Week1Tests";
			productReference = A4FE08B31577DA0A0046212B /* OBJ C Week1Tests.octest */;
			productType = "com.apple.product-type.bundle";
		};
/* End PBXNativeTarget section */

/* Begin PBXProject section */
		A4FE088F1577DA0A0046212B /* Project object */ = {
			isa = PBXProject;
			attributes = {
				LastUpgradeCheck = 0430;
				ORGANIZATIONNAME = SpeedQuest;
			};
			buildConfigurationList = A4FE08921577DA0A0046212B /* Build configuration list for PBXProject "OBJ C Week1" */;
			compatibilityVersion = "Xcode 3.2";
			developmentRegion = English;
			hasScannedForEncodings = 0;
			knownRegions = (
				en,
			);
			mainGroup = A4FE088D1577DA0A0046212B;
			productRefGroup = A4FE08991577DA0A0046212B /* Products */;
			projectDirPath = "";
			projectRoot = "";
			targets = (
				A4FE08971577DA0A0046212B /* OBJ C Week1 */,
				A4FE08B21577DA0A0046212B /* OBJ C Week1Tests */,
			);
		};
/* End PBXProject section */

/* Begin PBXResourcesBuildPhase section */
		A4FE08961577DA0A0046212B /* Resources */ = {
			isa = PBXResourcesBuildPhase;
			buildActionMask = 2147483647;
			files = (
				A4FE08A71577DA0A0046212B /* InfoPlist.strings in Resources */,
			);
			runOnlyForDeploymentPostprocessing = 0;
		};
		A4FE08B01577DA0A0046212B /* Resources */ = {
			isa = PBXResourcesBuildPhase;
			buildActionMask = 2147483647;
			files = (
				A4FE08BF1577DA0A0046212B /* InfoPlist.strings in Resources */,
			);
			runOnlyForDeploymentPostprocessing = 0;
		};
/* End PBXResourcesBuildPhase section */

/* Begin PBXShellScriptBuildPhase section */
		A4FE08B11577DA0A0046212B /* ShellScript */ = {
			isa = PBXShellScriptBuildPhase;
			buildActionMask = 2147483647;
			files = (
			);
			inputPaths = (
			);
			outputPaths = (
			);
			runOnlyForDeploymentPostprocessing = 0;
			shellPath = /bin/sh;
			shellScript = "# Run the unit tests in this test bundle.\n\"${SYSTEM_DEVELOPER_DIR}/Tools/RunUnitTests\"\n";
		};
/* End PBXShellScriptBuildPhase section */

/* Begin PBXSourcesBuildPhase section */
		A4FE08941577DA0A0046212B /* Sources */ = {
			isa = PBXSourcesBuildPhase;
			buildActionMask = 2147483647;
			files = (
				A4FE08A91577DA0A0046212B /* main.m in Sources */,
				A4FE08AD1577DA0A0046212B /* AppDelegate.m in Sources */,
			);
			runOnlyForDeploymentPostprocessing = 0;
		};
		A4FE08AE1577DA0A0046212B /* Sources */ = {
			isa = PBXSourcesBuildPhase;
			buildActionMask = 2147483647;
			files = (
				A4FE08C21577DA0A0046212B /* OBJ_C_Week1Tests.m in Sources */,
			);
			runOnlyForDeploymentPostprocessing = 0;
		};
/* End PBXSourcesBuildPhase section */

/* Begin PBXTargetDependency section */
		A4FE08B91577DA0A0046212B /* PBXTargetDependency */ = {
			isa = PBXTargetDependency;
			target = A4FE08971577DA0A0046212B /* OBJ C Week1 */;
			targetProxy = A4FE08B81577DA0A0046212B /* PBXContainerItemProxy */;
		};
/* End PBXTargetDependency section */

/* Begin PBXVariantGroup section */
		A4FE08A51577DA0A0046212B /* InfoPlist.strings */ = {
			isa = PBXVariantGroup;
			children = (
				A4FE08A61577DA0A0046212B /* en */,
			);
			name = InfoPlist.strings;
			sourceTree = "<group>";
		};
		A4FE08BD1577DA0A0046212B /* InfoPlist.strings */ = {
			isa = PBXVariantGroup;
			children = (
				A4FE08BE1577DA0A0046212B /* en */,
			);
			name = InfoPlist.strings;
			sourceTree = "<group>";
		};
/* End PBXVariantGroup section */

/* Begin XCBuildConfiguration section */
		A4FE08C31577DA0A0046212B /* Debug */ = {
			isa = XCBuildConfiguration;
			buildSettings = {
				ALWAYS_SEARCH_USER_PATHS = NO;
				ARCHS = "$(ARCHS_STANDARD_32_BIT)";
				"CODE_SIGN_IDENTITY[sdk=iphoneos*]" = "iPhone Developer";
				COPY_PHASE_STRIP = NO;
				GCC_C_LANGUAGE_STANDARD = gnu99;
				GCC_DYNAMIC_NO_PIC = NO;
				GCC_OPTIMIZATION_LEVEL = 0;
				GCC_PREPROCESSOR_DEFINITIONS = (
					"DEBUG=1",
					"$(inherited)",
				);
				GCC_SYMBOLS_PRIVATE_EXTERN = NO;
				GCC_VERSION = com.apple.compilers.llvm.clang.1_0;
				GCC_WARN_ABOUT_RETURN_TYPE = YES;
				GCC_WARN_UNINITIALIZED_AUTOS = YES;
				GCC_WARN_UNUSED_VARIABLE = YES;
				IPHONEOS_DEPLOYMENT_TARGET = 5.1;
				SDKROOT = iphoneos;
				TARGETED_DEVICE_FAMILY = "1,2";
			};
			name = Debug;
		};
		A4FE08C41577DA0A0046212B /* Release */ = {
			isa = XCBuildConfiguration;
			buildSettings = {
				ALWAYS_SEARCH_USER_PATHS = NO;
				ARCHS = "$(ARCHS_STANDARD_32_BIT)";
				"CODE_SIGN_IDENTITY[sdk=iphoneos*]" = "iPhone Developer";
				COPY_PHASE_STRIP = YES;
				GCC_C_LANGUAGE_STANDARD = gnu99;
				GCC_VERSION = com.apple.compilers.llvm.clang.1_0;
				GCC_WARN_ABOUT_RETURN_TYPE = YES;
				GCC_WARN_UNINITIALIZED_AUTOS = YES;
				GCC_WARN_UNUSED_VARIABLE = YES;
				IPHONEOS_DEPLOYMENT_TARGET = 5.1;
				OTHER_CFLAGS = "-DNS_BLOCK_ASSERTIONS=1";
				SDKROOT = iphoneos;
				TARGETED_DEVICE_FAMILY = "1,2";
				VALIDATE_PRODUCT = YES;
			};
			name = Release;
		};
		A4FE08C61577DA0A0046212B /* Debug */ = {
			isa = XCBuildConfiguration;
			buildSettings = {
				GCC_PRECOMPILE_PREFIX_HEADER = YES;
				GCC_PREFIX_HEADER = "OBJ C Week1/OBJ C Week1-Prefix.pch";
				INFOPLIST_FILE = "OBJ C Week1/OBJ C Week1-Info.plist";
				PRODUCT_NAME = "$(TARGET_NAME)";
				WRAPPER_EXTENSION = app;
			};
			name = Debug;
		};
		A4FE08C71577DA0A0046212B /* Release */ = {
			isa = XCBuildConfiguration;
			buildSettings = {
				GCC_PRECOMPILE_PREFIX_HEADER = YES;
				GCC_PREFIX_HEADER = "OBJ C Week1/OBJ C Week1-Prefix.pch";
				INFOPLIST_FILE = "OBJ C Week1/OBJ C Week1-Info.plist";
				PRODUCT_NAME = "$(TARGET_NAME)";
				WRAPPER_EXTENSION = app;
			};
			name = Release;
		};
		A4FE08C91577DA0A0046212B /* Debug */ = {
			isa = XCBuildConfiguration;
			buildSettings = {
				BUNDLE_LOADER = "$(BUILT_PRODUCTS_DIR)/OBJ C Week1.app/OBJ C Week1";
				FRAMEWORK_SEARCH_PATHS = (
					"$(SDKROOT)/Developer/Library/Frameworks",
					"$(DEVELOPER_LIBRARY_DIR)/Frameworks",
				);
				GCC_PRECOMPILE_PREFIX_HEADER = YES;
				GCC_PREFIX_HEADER = "OBJ C Week1/OBJ C Week1-Prefix.pch";
				INFOPLIST_FILE = "OBJ C Week1Tests/OBJ C Week1Tests-Info.plist";
				PRODUCT_NAME = "$(TARGET_NAME)";
				TEST_HOST = "$(BUNDLE_LOADER)";
				WRAPPER_EXTENSION = octest;
			};
			name = Debug;
		};
		A4FE08CA1577DA0A0046212B /* Release */ = {
			isa = XCBuildConfiguration;
			buildSettings = {
				BUNDLE_LOADER = "$(BUILT_PRODUCTS_DIR)/OBJ C Week1.app/OBJ C Week1";
				FRAMEWORK_SEARCH_PATHS = (
					"$(SDKROOT)/Developer/Library/Frameworks",
					"$(DEVELOPER_LIBRARY_DIR)/Frameworks",
				);
				GCC_PRECOMPILE_PREFIX_HEADER = YES;
				GCC_PREFIX_HEADER = "OBJ C Week1/OBJ C Week1-Prefix.pch";
				INFOPLIST_FILE = "OBJ C Week1Tests/OBJ C Week1Tests-Info.plist";
				PRODUCT_NAME = "$(TARGET_NAME)";
				TEST_HOST = "$(BUNDLE_LOADER)";
				WRAPPER_EXTENSION = octest;
			};
			name = Release;
		};
/* End XCBuildConfiguration section */

/* Begin XCConfigurationList section */
		A4FE08921577DA0A0046212B /* Build configuration list for PBXProject "OBJ C Week1" */ = {
			isa = XCConfigurationList;
			buildConfigurations = (
				A4FE08C31577DA0A0046212B /* Debug */,
				A4FE08C41577DA0A0046212B /* Release */,
			);
			defaultConfigurationIsVisible = 0;
			defaultConfigurationName = Release;
		};
		A4FE08C51577DA0A0046212B /* Build configuration list for PBXNativeTarget "OBJ C Week1" */ = {
			isa = XCConfigurationList;
			buildConfigurations = (
				A4FE08C61577DA0A0046212B /* Debug */,
				A4FE08C71577DA0A0046212B /* Release */,
			);
			defaultConfigurationIsVisible = 0;
		};
		A4FE08C81577DA0A0046212B /* Build configuration list for PBXNativeTarget "OBJ C Week1Tests" */ = {
			isa = XCConfigurationList;
			buildConfigurations = (
				A4FE08C91577DA0A0046212B /* Debug */,
				A4FE08CA1577DA0A0046212B /* Release */,
			);
			defaultConfigurationIsVisible = 0;
		};
/* End XCConfigurationList section */
	};
	rootObject = A4FE088F1577DA0A0046212B /* Project object */;
}
